{
  "nodes": {
    "nixpkgs": {
      "locked": {
        "lastModified": 1746663147,
        "narHash": "sha256-Ua0drDHawlzNqJnclTJGf87dBmaO/tn7iZ+TCkTRpRc=",
        "owner": "NixOS",
        "repo": "nixpkgs",
        "rev": "dda3dcd3fe03e991015e9a74b22d35950f264a54",
        "type": "github"
      },
      "original": {
        "id": "nixpkgs",
        "ref": "nixos-unstable",
        "type": "indirect"
      }
    },
    "packwiz2nix": {
      "inputs": {
        "nixpkgs": [
          "nixpkgs"
        ]
      },
      "locked": {
        "lastModified": 1746726473,
        "narHash": "sha256-fn0/Tgr+5G/2BclLh+Dpv52H844bEim7jTCBExXwL6E=",
        "owner": "LarsvanDartel",
        "repo": "packwiz2nix",
        "rev": "4790e19555ed04cd9c90abfb2f2aabddcb0f366a",
        "type": "github"
      },
      "original": {
        "owner": "LarsvanDartel",
        "ref": "rewrite",
        "repo": "packwiz2nix",
        "type": "github"
      }
    },
    "root": {
      "inputs": {
        "nixpkgs": "nixpkgs",
        "packwiz2nix": "packwiz2nix"
      }
    }
  },
  "root": "root",
  "version": 7
}
